
Microsoft Visual Studio Solution File, Format Version 12.00
# Visual Studio Version 16
VisualStudioVersion = 16.0.30621.155
MinimumVisualStudioVersion = 10.0.40219.1
Project("{FAE04EC0-301F-11D3-BF4B-00C04F79EFBC}") = "RestaurantDeliveryOnline.Application", "RestaurantDeliveryOnline.Application\RestaurantDeliveryOnline.Application.csproj", "{1F5BA5CE-61B9-4C1B-9A43-3251769D3F22}"
EndProject
Project("{FAE04EC0-301F-11D3-BF4B-00C04F79EFBC}") = "RestaurantDeliveryOnline.Domain", "RestaurantDeliveryOnline.Domain\RestaurantDeliveryOnline.Domain.csproj", "{9752648B-E4FC-4C95-AFF0-476B43437936}"
EndProject
Project("{FAE04EC0-301F-11D3-BF4B-00C04F79EFBC}") = "RestaurantDeliveryOnline.Persistence", "RestaurantDeliveryOnline.Persistence\RestaurantDeliveryOnline.Persistence.csproj", "{891565A8-1BCC-4C57-B4D9-F4A27016AF0D}"
EndProject
Project("{FAE04EC0-301F-11D3-BF4B-00C04F79EFBC}") = "RestaurantDeliveryOnline.Common", "RestaurantDeliveryOnline.Common\RestaurantDeliveryOnline.Common.csproj", "{709387D8-6279-448F-AF84-AEA5957A6790}"
EndProject
Project("{FAE04EC0-301F-11D3-BF4B-00C04F79EFBC}") = "RestaurantDeliveryOnline.Web", "RestaurantDeliveryOnline.Web\RestaurantDeliveryOnline.Web.csproj", "{5874F050-55B2-470A-B6CB-2AF673F3129A}"
EndProject
Global
	GlobalSection(SolutionConfigurationPlatforms) = preSolution
		Debug|Any CPU = Debug|Any CPU
		Release|Any CPU = Release|Any CPU
	EndGlobalSection
	GlobalSection(ProjectConfigurationPlatforms) = postSolution
		{1F5BA5CE-61B9-4C1B-9A43-3251769D3F22}.Debug|Any CPU.ActiveCfg = Debug|Any CPU
		{1F5BA5CE-61B9-4C1B-9A43-3251769D3F22}.Debug|Any CPU.Build.0 = Debug|Any CPU
		{1F5BA5CE-61B9-4C1B-9A43-3251769D3F22}.Release|Any CPU.ActiveCfg = Release|Any CPU
		{1F5BA5CE-61B9-4C1B-9A43-3251769D3F22}.Release|Any CPU.Build.0 = Release|Any CPU
		{9752648B-E4FC-4C95-AFF0-476B43437936}.Debug|Any CPU.ActiveCfg = Debug|Any CPU
		{9752648B-E4FC-4C95-AFF0-476B43437936}.Debug|Any CPU.Build.0 = Debug|Any CPU
		{9752648B-E4FC-4C95-AFF0-476B43437936}.Release|Any CPU.ActiveCfg = Release|Any CPU
		{9752648B-E4FC-4C95-AFF0-476B43437936}.Release|Any CPU.Build.0 = Release|Any CPU
		{891565A8-1BCC-4C57-B4D9-F4A27016AF0D}.Debug|Any CPU.ActiveCfg = Debug|Any CPU
		{891565A8-1BCC-4C57-B4D9-F4A27016AF0D}.Debug|Any CPU.Build.0 = Debug|Any CPU
		{891565A8-1BCC-4C57-B4D9-F4A27016AF0D}.Release|Any CPU.ActiveCfg = Release|Any CPU
		{891565A8-1BCC-4C57-B4D9-F4A27016AF0D}.Release|Any CPU.Build.0 = Release|Any CPU
		{709387D8-6279-448F-AF84-AEA5957A6790}.Debug|Any CPU.ActiveCfg = Debug|Any CPU
		{709387D8-6279-448F-AF84-AEA5957A6790}.Debug|Any CPU.Build.0 = Debug|Any CPU
		{709387D8-6279-448F-AF84-AEA5957A6790}.Release|Any CPU.ActiveCfg = Release|Any CPU
		{709387D8-6279-448F-AF84-AEA5957A6790}.Release|Any CPU.Build.0 = Release|Any CPU
		{5874F050-55B2-470A-B6CB-2AF673F3129A}.Debug|Any CPU.ActiveCfg = Debug|Any CPU
		{5874F050-55B2-470A-B6CB-2AF673F3129A}.Debug|Any CPU.Build.0 = Debug|Any CPU
		{5874F050-55B2-470A-B6CB-2AF673F3129A}.Release|Any CPU.ActiveCfg = Release|Any CPU
		{5874F050-55B2-470A-B6CB-2AF673F3129A}.Release|Any CPU.Build.0 = Release|Any CPU
	EndGlobalSection
	GlobalSection(SolutionProperties) = preSolution
		HideSolutionNode = FALSE
	EndGlobalSection
	GlobalSection(ExtensibilityGlobals) = postSolution
		SolutionGuid = {CF8932DE-8AE8-4D50-8DBD-D7E6EA854953}
	EndGlobalSection
EndGlobal
